
Microsoft Visual Studio Solution File, Format Version 12.00
Project("{2150E333-8FDC-42A3-9474-1A3956D46DE8}") = "src", "src", "{D473566E-11FE-49BC-A1F3-DE5F40449017}"
EndProject
Project("{FAE04EC0-301F-11D3-BF4B-00C04F79EFBC}") = "Expensi.Api", "src\Expensi.Api\Expensi.Api.csproj", "{6C2657C4-921E-4569-8624-DB187F36C9F2}"
EndProject
Project("{2150E333-8FDC-42A3-9474-1A3956D46DE8}") = "SolutionItems", "SolutionItems", "{BB58CB44-7CF9-4BA5-8AB2-7C35EB4DBA42}"
	ProjectSection(SolutionItems) = preProject
		docker-compose.yml = docker-compose.yml
		Directory.Build.props = Directory.Build.props
		Dockerfile = Dockerfile
	EndProjectSection
EndProject
Project("{2150E333-8FDC-42A3-9474-1A3956D46DE8}") = "UI", "UI", "{0E6AE71F-8E4B-4B70-94C8-FE2649A26AA2}"
EndProject
Project("{FAE04EC0-301F-11D3-BF4B-00C04F79EFBC}") = "Expensi.UIClient", "src\UI\Expensi.UIClient\Expensi.UIClient.csproj", "{F4BAC75D-16F2-4F29-B437-48D1A15A19FD}"
EndProject
Project("{FAE04EC0-301F-11D3-BF4B-00C04F79EFBC}") = "Expensi.Domain", "src\Expensi.Domain\Expensi.Domain.csproj", "{93081167-9728-44D1-BCE8-BEF533945444}"
EndProject
Project("{FAE04EC0-301F-11D3-BF4B-00C04F79EFBC}") = "Expensi.Application", "src\Expensi.Application\Expensi.Application.csproj", "{C49E8599-38BD-47A2-B251-EDDF6F0456FA}"
EndProject
Project("{FAE04EC0-301F-11D3-BF4B-00C04F79EFBC}") = "Expensi.Infrastructure", "src\Expensi.Infrastructure\Expensi.Infrastructure.csproj", "{7E91FBB5-A9D7-488E-BE1F-9D2865EBB53B}"
EndProject
Project("{2150E333-8FDC-42A3-9474-1A3956D46DE8}") = "tests", "tests", "{5B26E4E1-D4C6-450C-AECA-8E3783D3AEAD}"
EndProject
Project("{FAE04EC0-301F-11D3-BF4B-00C04F79EFBC}") = "Expensi.Api.IntegrationTests", "tests\Expensi.Api.IntegrationTests\Expensi.Api.IntegrationTests.csproj", "{D279957C-7799-4310-89C4-9E481E7F7FAD}"
EndProject
Global
	GlobalSection(SolutionConfigurationPlatforms) = preSolution
		Debug|Any CPU = Debug|Any CPU
		Release|Any CPU = Release|Any CPU
	EndGlobalSection
	GlobalSection(NestedProjects) = preSolution
		{6C2657C4-921E-4569-8624-DB187F36C9F2} = {D473566E-11FE-49BC-A1F3-DE5F40449017}
		{0E6AE71F-8E4B-4B70-94C8-FE2649A26AA2} = {D473566E-11FE-49BC-A1F3-DE5F40449017}
		{F4BAC75D-16F2-4F29-B437-48D1A15A19FD} = {0E6AE71F-8E4B-4B70-94C8-FE2649A26AA2}
		{93081167-9728-44D1-BCE8-BEF533945444} = {D473566E-11FE-49BC-A1F3-DE5F40449017}
		{C49E8599-38BD-47A2-B251-EDDF6F0456FA} = {D473566E-11FE-49BC-A1F3-DE5F40449017}
		{7E91FBB5-A9D7-488E-BE1F-9D2865EBB53B} = {D473566E-11FE-49BC-A1F3-DE5F40449017}
		{D279957C-7799-4310-89C4-9E481E7F7FAD} = {5B26E4E1-D4C6-450C-AECA-8E3783D3AEAD}
	EndGlobalSection
	GlobalSection(ProjectConfigurationPlatforms) = postSolution
		{6C2657C4-921E-4569-8624-DB187F36C9F2}.Debug|Any CPU.ActiveCfg = Debug|Any CPU
		{6C2657C4-921E-4569-8624-DB187F36C9F2}.Debug|Any CPU.Build.0 = Debug|Any CPU
		{6C2657C4-921E-4569-8624-DB187F36C9F2}.Release|Any CPU.ActiveCfg = Release|Any CPU
		{6C2657C4-921E-4569-8624-DB187F36C9F2}.Release|Any CPU.Build.0 = Release|Any CPU
		{F4BAC75D-16F2-4F29-B437-48D1A15A19FD}.Debug|Any CPU.ActiveCfg = Debug|Any CPU
		{F4BAC75D-16F2-4F29-B437-48D1A15A19FD}.Debug|Any CPU.Build.0 = Debug|Any CPU
		{F4BAC75D-16F2-4F29-B437-48D1A15A19FD}.Release|Any CPU.ActiveCfg = Release|Any CPU
		{F4BAC75D-16F2-4F29-B437-48D1A15A19FD}.Release|Any CPU.Build.0 = Release|Any CPU
		{93081167-9728-44D1-BCE8-BEF533945444}.Debug|Any CPU.ActiveCfg = Debug|Any CPU
		{93081167-9728-44D1-BCE8-BEF533945444}.Debug|Any CPU.Build.0 = Debug|Any CPU
		{93081167-9728-44D1-BCE8-BEF533945444}.Release|Any CPU.ActiveCfg = Release|Any CPU
		{93081167-9728-44D1-BCE8-BEF533945444}.Release|Any CPU.Build.0 = Release|Any CPU
		{C49E8599-38BD-47A2-B251-EDDF6F0456FA}.Debug|Any CPU.ActiveCfg = Debug|Any CPU
		{C49E8599-38BD-47A2-B251-EDDF6F0456FA}.Debug|Any CPU.Build.0 = Debug|Any CPU
		{C49E8599-38BD-47A2-B251-EDDF6F0456FA}.Release|Any CPU.ActiveCfg = Release|Any CPU
		{C49E8599-38BD-47A2-B251-EDDF6F0456FA}.Release|Any CPU.Build.0 = Release|Any CPU
		{7E91FBB5-A9D7-488E-BE1F-9D2865EBB53B}.Debug|Any CPU.ActiveCfg = Debug|Any CPU
		{7E91FBB5-A9D7-488E-BE1F-9D2865EBB53B}.Debug|Any CPU.Build.0 = Debug|Any CPU
		{7E91FBB5-A9D7-488E-BE1F-9D2865EBB53B}.Release|Any CPU.ActiveCfg = Release|Any CPU
		{7E91FBB5-A9D7-488E-BE1F-9D2865EBB53B}.Release|Any CPU.Build.0 = Release|Any CPU
		{D279957C-7799-4310-89C4-9E481E7F7FAD}.Debug|Any CPU.ActiveCfg = Debug|Any CPU
		{D279957C-7799-4310-89C4-9E481E7F7FAD}.Debug|Any CPU.Build.0 = Debug|Any CPU
		{D279957C-7799-4310-89C4-9E481E7F7FAD}.Release|Any CPU.ActiveCfg = Release|Any CPU
		{D279957C-7799-4310-89C4-9E481E7F7FAD}.Release|Any CPU.Build.0 = Release|Any CPU
	EndGlobalSection
EndGlobal
